
Microsoft Visual Studio Solution File, Format Version 12.00
# Visual Studio Version 17
VisualStudioVersion = 17.14.36203.30 d17.14
MinimumVisualStudioVersion = 10.0.40219.1
Project("{FAE04EC0-301F-11D3-BF4B-00C04F79EFBC}") = "CategoryMapper.FunctionApp", "CategoryMapper.FunctionApp\CategoryMapper.FunctionApp.csproj", "{B9621504-49EC-46AB-BC42-E3EA1095A7C0}"
EndProject
Project("{FAE04EC0-301F-11D3-BF4B-00C04F79EFBC}") = "CategoryMapper.Tests", "CategoryMapper.Tests\CategoryMapper.Tests.csproj", "{92D847D8-CCED-426A-B52D-9C2C193412BB}"
EndProject
Global
	GlobalSection(SolutionConfigurationPlatforms) = preSolution
		Debug|Any CPU = Debug|Any CPU
		Release|Any CPU = Release|Any CPU
	EndGlobalSection
	GlobalSection(ProjectConfigurationPlatforms) = postSolution
		{B9621504-49EC-46AB-BC42-E3EA1095A7C0}.Debug|Any CPU.ActiveCfg = Debug|Any CPU
		{B9621504-49EC-46AB-BC42-E3EA1095A7C0}.Debug|Any CPU.Build.0 = Debug|Any CPU
		{B9621504-49EC-46AB-BC42-E3EA1095A7C0}.Release|Any CPU.ActiveCfg = Release|Any CPU
		{B9621504-49EC-46AB-BC42-E3EA1095A7C0}.Release|Any CPU.Build.0 = Release|Any CPU
		{92D847D8-CCED-426A-B52D-9C2C193412BB}.Debug|Any CPU.ActiveCfg = Debug|Any CPU
		{92D847D8-CCED-426A-B52D-9C2C193412BB}.Debug|Any CPU.Build.0 = Debug|Any CPU
		{92D847D8-CCED-426A-B52D-9C2C193412BB}.Release|Any CPU.ActiveCfg = Release|Any CPU
		{92D847D8-CCED-426A-B52D-9C2C193412BB}.Release|Any CPU.Build.0 = Release|Any CPU
	EndGlobalSection
	GlobalSection(SolutionProperties) = preSolution
		HideSolutionNode = FALSE
	EndGlobalSection
	GlobalSection(ExtensibilityGlobals) = postSolution
		SolutionGuid = {812544E7-E58D-45E0-A56F-F4D114A3582D}
	EndGlobalSection
EndGlobal
